
Microsoft Visual Studio Solution File, Format Version 12.00
# Visual Studio Version 16
VisualStudioVersion = 16.0.31424.327
MinimumVisualStudioVersion = 10.0.40219.1
Project("{9A19103F-16F7-4668-BE54-9A1E7A4F7556}") = "Task2", "Task2\Task2.csproj", "{2F7421F6-653A-4737-B674-60282156DBC9}"
EndProject
Project("{9A19103F-16F7-4668-BE54-9A1E7A4F7556}") = "Task3", "Task3\Task3.csproj", "{DDEAD97E-2659-4D3B-AFD8-A183BEFF460E}"
EndProject
Project("{9A19103F-16F7-4668-BE54-9A1E7A4F7556}") = "Task4", "Task4\Task4.csproj", "{8D831219-D6C4-40B4-8FD2-84406FDF1916}"
EndProject
Project("{FAE04EC0-301F-11D3-BF4B-00C04F79EFBC}") = "AdditionalTask", "AdditionalTask\AdditionalTask.csproj", "{C00D793B-9CED-48B4-92A7-E7E9B3013640}"
EndProject
Global
	GlobalSection(SolutionConfigurationPlatforms) = preSolution
		Debug|Any CPU = Debug|Any CPU
		Release|Any CPU = Release|Any CPU
	EndGlobalSection
	GlobalSection(ProjectConfigurationPlatforms) = postSolution
		{2F7421F6-653A-4737-B674-60282156DBC9}.Debug|Any CPU.ActiveCfg = Debug|Any CPU
		{2F7421F6-653A-4737-B674-60282156DBC9}.Debug|Any CPU.Build.0 = Debug|Any CPU
		{2F7421F6-653A-4737-B674-60282156DBC9}.Release|Any CPU.ActiveCfg = Release|Any CPU
		{2F7421F6-653A-4737-B674-60282156DBC9}.Release|Any CPU.Build.0 = Release|Any CPU
		{DDEAD97E-2659-4D3B-AFD8-A183BEFF460E}.Debug|Any CPU.ActiveCfg = Debug|Any CPU
		{DDEAD97E-2659-4D3B-AFD8-A183BEFF460E}.Debug|Any CPU.Build.0 = Debug|Any CPU
		{DDEAD97E-2659-4D3B-AFD8-A183BEFF460E}.Release|Any CPU.ActiveCfg = Release|Any CPU
		{DDEAD97E-2659-4D3B-AFD8-A183BEFF460E}.Release|Any CPU.Build.0 = Release|Any CPU
		{8D831219-D6C4-40B4-8FD2-84406FDF1916}.Debug|Any CPU.ActiveCfg = Debug|Any CPU
		{8D831219-D6C4-40B4-8FD2-84406FDF1916}.Debug|Any CPU.Build.0 = Debug|Any CPU
		{8D831219-D6C4-40B4-8FD2-84406FDF1916}.Release|Any CPU.ActiveCfg = Release|Any CPU
		{8D831219-D6C4-40B4-8FD2-84406FDF1916}.Release|Any CPU.Build.0 = Release|Any CPU
		{C00D793B-9CED-48B4-92A7-E7E9B3013640}.Debug|Any CPU.ActiveCfg = Debug|Any CPU
		{C00D793B-9CED-48B4-92A7-E7E9B3013640}.Debug|Any CPU.Build.0 = Debug|Any CPU
		{C00D793B-9CED-48B4-92A7-E7E9B3013640}.Release|Any CPU.ActiveCfg = Release|Any CPU
		{C00D793B-9CED-48B4-92A7-E7E9B3013640}.Release|Any CPU.Build.0 = Release|Any CPU
	EndGlobalSection
	GlobalSection(SolutionProperties) = preSolution
		HideSolutionNode = FALSE
	EndGlobalSection
	GlobalSection(ExtensibilityGlobals) = postSolution
		SolutionGuid = {E0079E5B-F7FD-4216-8726-7AF70FE2B138}
	EndGlobalSection
EndGlobal
